
Microsoft Visual Studio Solution File, Format Version 12.00
# Visual Studio Version 17
VisualStudioVersion = 17.3.32901.215
MinimumVisualStudioVersion = 10.0.40219.1
Project("{FAE04EC0-301F-11D3-BF4B-00C04F79EFBC}") = "修改配置文件工具测试", "修改配置文件工具测试\修改配置文件工具测试.csproj", "{990AFA56-FFFE-45AE-995A-08D216E457B2}"
EndProject
Global
	GlobalSection(SolutionConfigurationPlatforms) = preSolution
		Debug|Any CPU = Debug|Any CPU
		Release|Any CPU = Release|Any CPU
	EndGlobalSection
	GlobalSection(ProjectConfigurationPlatforms) = postSolution
		{990AFA56-FFFE-45AE-995A-08D216E457B2}.Debug|Any CPU.ActiveCfg = Debug|Any CPU
		{990AFA56-FFFE-45AE-995A-08D216E457B2}.Debug|Any CPU.Build.0 = Debug|Any CPU
		{990AFA56-FFFE-45AE-995A-08D216E457B2}.Release|Any CPU.ActiveCfg = Release|Any CPU
		{990AFA56-FFFE-45AE-995A-08D216E457B2}.Release|Any CPU.Build.0 = Release|Any CPU
	EndGlobalSection
	GlobalSection(SolutionProperties) = preSolution
		HideSolutionNode = FALSE
	EndGlobalSection
	GlobalSection(ExtensibilityGlobals) = postSolution
		SolutionGuid = {D3B78A0C-DDF9-446E-835E-5E916CC22007}
	EndGlobalSection
EndGlobal
